github.com/go-sql-driver/mysql v1.5.0 h1:ozyZYNQW3x3HtqT1jira07DN2PArx2v7/mN66gGcHOs=
github.com/go-sql-driver/mysql v1.5.0/go.mod h1:DCzpHaOWr8IXmIStZouvnhqoel9Qv2LBy8hT2VhHyBg=
github.com/kamilwoloszyn/sample-db-migration-tool v0.0.0-20201031104633-06bb6424b626 h1:s4KXU1K+FAYDDw2I2TTBdWYirEx6L/2VgGfsvndsZsI=
